
Microsoft Visual Studio Solution File, Format Version 12.00
# Visual Studio Version 16
VisualStudioVersion = 16.0.30114.105
MinimumVisualStudioVersion = 10.0.40219.1
Project("{FAE04EC0-301F-11D3-BF4B-00C04F79EFBC}") = "Singleton", "Singleton\Singleton.csproj", "{02503703-7740-4312-A8C4-D23FDD705A5C}"
EndProject
Project("{FAE04EC0-301F-11D3-BF4B-00C04F79EFBC}") = "FactoryMethod", "FactoryMethod\FactoryMethod.csproj", "{D5825DC0-4D00-41D1-94AB-A7EA0A1225A1}"
EndProject
Project("{FAE04EC0-301F-11D3-BF4B-00C04F79EFBC}") = "AbstractFactory", "AbstractFactory\AbstractFactory.csproj", "{7874E7A1-EF71-4398-BC35-541FB1AE1489}"
EndProject
Project("{FAE04EC0-301F-11D3-BF4B-00C04F79EFBC}") = "Prototype", "Prototype\Prototype.csproj", "{78C908CD-CC77-4F35-BEE7-8E0FD2166225}"
EndProject
Project("{FAE04EC0-301F-11D3-BF4B-00C04F79EFBC}") = "Builder", "Builder\Builder.csproj", "{70FF6024-EC67-470C-9BC4-58F42BCD8132}"
EndProject
Project("{FAE04EC0-301F-11D3-BF4B-00C04F79EFBC}") = "Facade", "Facade\Facade.csproj", "{161B9475-812D-4A84-B0D9-A3ABA132FD7B}"
EndProject
Project("{FAE04EC0-301F-11D3-BF4B-00C04F79EFBC}") = "Adapter", "Adapter\Adapter.csproj", "{BBA13061-5F91-4A7E-AA95-3C40A7915A5F}"
EndProject
Project("{FAE04EC0-301F-11D3-BF4B-00C04F79EFBC}") = "Composite", "Composite\Composite.csproj", "{0ECB29BB-A9E8-4933-9F83-470871AE65B5}"
EndProject
Project("{FAE04EC0-301F-11D3-BF4B-00C04F79EFBC}") = "Proxy", "Proxy\Proxy.csproj", "{A1D14C55-3C3C-4EE9-BEE8-8462A3DC41DA}"
EndProject
Project("{FAE04EC0-301F-11D3-BF4B-00C04F79EFBC}") = "Decorator", "Decorator\Decorator.csproj", "{6648C2D1-BC3D-4C3D-A8A1-E079DB52D023}"
EndProject
Project("{FAE04EC0-301F-11D3-BF4B-00C04F79EFBC}") = "Bridge", "Bridge\Bridge.csproj", "{A4949753-11B2-49B4-BABB-B82D06CD0062}"
EndProject
Project("{FAE04EC0-301F-11D3-BF4B-00C04F79EFBC}") = "Strategy", "Strategy\Strategy.csproj", "{9DE9033D-E27B-4D2B-AD8F-DAD065550BCA}"
EndProject
Project("{FAE04EC0-301F-11D3-BF4B-00C04F79EFBC}") = "Observer", "Observer\Observer.csproj", "{99D945A8-5E60-48E8-864A-6BFEF1917F2F}"
EndProject
Project("{FAE04EC0-301F-11D3-BF4B-00C04F79EFBC}") = "ChainOfResponsibility", "ChainOfResponsibility\ChainOfResponsibility.csproj", "{C2A95DA9-2A80-4FAF-B429-95A662266A6C}"
EndProject
Project("{FAE04EC0-301F-11D3-BF4B-00C04F79EFBC}") = "Memento", "Memento\Memento.csproj", "{43DBE01B-FFE9-4D12-8255-28F6D05678A3}"
EndProject
Project("{FAE04EC0-301F-11D3-BF4B-00C04F79EFBC}") = "TemplateMethod", "TemplateMethod\TemplateMethod.csproj", "{529988E2-07BB-4CC4-B9AA-6AB6730F2B5F}"
EndProject
Global
	GlobalSection(SolutionConfigurationPlatforms) = preSolution
		Debug|Any CPU = Debug|Any CPU
		Release|Any CPU = Release|Any CPU
	EndGlobalSection
	GlobalSection(ProjectConfigurationPlatforms) = postSolution
		{02503703-7740-4312-A8C4-D23FDD705A5C}.Debug|Any CPU.ActiveCfg = Debug|Any CPU
		{02503703-7740-4312-A8C4-D23FDD705A5C}.Debug|Any CPU.Build.0 = Debug|Any CPU
		{02503703-7740-4312-A8C4-D23FDD705A5C}.Release|Any CPU.ActiveCfg = Release|Any CPU
		{02503703-7740-4312-A8C4-D23FDD705A5C}.Release|Any CPU.Build.0 = Release|Any CPU
		{D5825DC0-4D00-41D1-94AB-A7EA0A1225A1}.Debug|Any CPU.ActiveCfg = Debug|Any CPU
		{D5825DC0-4D00-41D1-94AB-A7EA0A1225A1}.Debug|Any CPU.Build.0 = Debug|Any CPU
		{D5825DC0-4D00-41D1-94AB-A7EA0A1225A1}.Release|Any CPU.ActiveCfg = Release|Any CPU
		{D5825DC0-4D00-41D1-94AB-A7EA0A1225A1}.Release|Any CPU.Build.0 = Release|Any CPU
		{7874E7A1-EF71-4398-BC35-541FB1AE1489}.Debug|Any CPU.ActiveCfg = Debug|Any CPU
		{7874E7A1-EF71-4398-BC35-541FB1AE1489}.Debug|Any CPU.Build.0 = Debug|Any CPU
		{7874E7A1-EF71-4398-BC35-541FB1AE1489}.Release|Any CPU.ActiveCfg = Release|Any CPU
		{7874E7A1-EF71-4398-BC35-541FB1AE1489}.Release|Any CPU.Build.0 = Release|Any CPU
		{78C908CD-CC77-4F35-BEE7-8E0FD2166225}.Debug|Any CPU.ActiveCfg = Debug|Any CPU
		{78C908CD-CC77-4F35-BEE7-8E0FD2166225}.Debug|Any CPU.Build.0 = Debug|Any CPU
		{78C908CD-CC77-4F35-BEE7-8E0FD2166225}.Release|Any CPU.ActiveCfg = Release|Any CPU
		{78C908CD-CC77-4F35-BEE7-8E0FD2166225}.Release|Any CPU.Build.0 = Release|Any CPU
		{70FF6024-EC67-470C-9BC4-58F42BCD8132}.Debug|Any CPU.ActiveCfg = Debug|Any CPU
		{70FF6024-EC67-470C-9BC4-58F42BCD8132}.Debug|Any CPU.Build.0 = Debug|Any CPU
		{70FF6024-EC67-470C-9BC4-58F42BCD8132}.Release|Any CPU.ActiveCfg = Release|Any CPU
		{70FF6024-EC67-470C-9BC4-58F42BCD8132}.Release|Any CPU.Build.0 = Release|Any CPU
		{161B9475-812D-4A84-B0D9-A3ABA132FD7B}.Debug|Any CPU.ActiveCfg = Debug|Any CPU
		{161B9475-812D-4A84-B0D9-A3ABA132FD7B}.Debug|Any CPU.Build.0 = Debug|Any CPU
		{161B9475-812D-4A84-B0D9-A3ABA132FD7B}.Release|Any CPU.ActiveCfg = Release|Any CPU
		{161B9475-812D-4A84-B0D9-A3ABA132FD7B}.Release|Any CPU.Build.0 = Release|Any CPU
		{BBA13061-5F91-4A7E-AA95-3C40A7915A5F}.Debug|Any CPU.ActiveCfg = Debug|Any CPU
		{BBA13061-5F91-4A7E-AA95-3C40A7915A5F}.Debug|Any CPU.Build.0 = Debug|Any CPU
		{BBA13061-5F91-4A7E-AA95-3C40A7915A5F}.Release|Any CPU.ActiveCfg = Release|Any CPU
		{BBA13061-5F91-4A7E-AA95-3C40A7915A5F}.Release|Any CPU.Build.0 = Release|Any CPU
		{0ECB29BB-A9E8-4933-9F83-470871AE65B5}.Debug|Any CPU.ActiveCfg = Debug|Any CPU
		{0ECB29BB-A9E8-4933-9F83-470871AE65B5}.Debug|Any CPU.Build.0 = Debug|Any CPU
		{0ECB29BB-A9E8-4933-9F83-470871AE65B5}.Release|Any CPU.ActiveCfg = Release|Any CPU
		{0ECB29BB-A9E8-4933-9F83-470871AE65B5}.Release|Any CPU.Build.0 = Release|Any CPU
		{A1D14C55-3C3C-4EE9-BEE8-8462A3DC41DA}.Debug|Any CPU.ActiveCfg = Debug|Any CPU
		{A1D14C55-3C3C-4EE9-BEE8-8462A3DC41DA}.Debug|Any CPU.Build.0 = Debug|Any CPU
		{A1D14C55-3C3C-4EE9-BEE8-8462A3DC41DA}.Release|Any CPU.ActiveCfg = Release|Any CPU
		{A1D14C55-3C3C-4EE9-BEE8-8462A3DC41DA}.Release|Any CPU.Build.0 = Release|Any CPU
		{6648C2D1-BC3D-4C3D-A8A1-E079DB52D023}.Debug|Any CPU.ActiveCfg = Debug|Any CPU
		{6648C2D1-BC3D-4C3D-A8A1-E079DB52D023}.Debug|Any CPU.Build.0 = Debug|Any CPU
		{6648C2D1-BC3D-4C3D-A8A1-E079DB52D023}.Release|Any CPU.ActiveCfg = Release|Any CPU
		{6648C2D1-BC3D-4C3D-A8A1-E079DB52D023}.Release|Any CPU.Build.0 = Release|Any CPU
		{A4949753-11B2-49B4-BABB-B82D06CD0062}.Debug|Any CPU.ActiveCfg = Debug|Any CPU
		{A4949753-11B2-49B4-BABB-B82D06CD0062}.Debug|Any CPU.Build.0 = Debug|Any CPU
		{A4949753-11B2-49B4-BABB-B82D06CD0062}.Release|Any CPU.ActiveCfg = Release|Any CPU
		{A4949753-11B2-49B4-BABB-B82D06CD0062}.Release|Any CPU.Build.0 = Release|Any CPU
		{9DE9033D-E27B-4D2B-AD8F-DAD065550BCA}.Debug|Any CPU.ActiveCfg = Debug|Any CPU
		{9DE9033D-E27B-4D2B-AD8F-DAD065550BCA}.Debug|Any CPU.Build.0 = Debug|Any CPU
		{9DE9033D-E27B-4D2B-AD8F-DAD065550BCA}.Release|Any CPU.ActiveCfg = Release|Any CPU
		{9DE9033D-E27B-4D2B-AD8F-DAD065550BCA}.Release|Any CPU.Build.0 = Release|Any CPU
		{99D945A8-5E60-48E8-864A-6BFEF1917F2F}.Debug|Any CPU.ActiveCfg = Debug|Any CPU
		{99D945A8-5E60-48E8-864A-6BFEF1917F2F}.Debug|Any CPU.Build.0 = Debug|Any CPU
		{99D945A8-5E60-48E8-864A-6BFEF1917F2F}.Release|Any CPU.ActiveCfg = Release|Any CPU
		{99D945A8-5E60-48E8-864A-6BFEF1917F2F}.Release|Any CPU.Build.0 = Release|Any CPU
		{C2A95DA9-2A80-4FAF-B429-95A662266A6C}.Debug|Any CPU.ActiveCfg = Debug|Any CPU
		{C2A95DA9-2A80-4FAF-B429-95A662266A6C}.Debug|Any CPU.Build.0 = Debug|Any CPU
		{C2A95DA9-2A80-4FAF-B429-95A662266A6C}.Release|Any CPU.ActiveCfg = Release|Any CPU
		{C2A95DA9-2A80-4FAF-B429-95A662266A6C}.Release|Any CPU.Build.0 = Release|Any CPU
		{43DBE01B-FFE9-4D12-8255-28F6D05678A3}.Debug|Any CPU.ActiveCfg = Debug|Any CPU
		{43DBE01B-FFE9-4D12-8255-28F6D05678A3}.Debug|Any CPU.Build.0 = Debug|Any CPU
		{43DBE01B-FFE9-4D12-8255-28F6D05678A3}.Release|Any CPU.ActiveCfg = Release|Any CPU
		{43DBE01B-FFE9-4D12-8255-28F6D05678A3}.Release|Any CPU.Build.0 = Release|Any CPU
		{529988E2-07BB-4CC4-B9AA-6AB6730F2B5F}.Debug|Any CPU.ActiveCfg = Debug|Any CPU
		{529988E2-07BB-4CC4-B9AA-6AB6730F2B5F}.Debug|Any CPU.Build.0 = Debug|Any CPU
		{529988E2-07BB-4CC4-B9AA-6AB6730F2B5F}.Release|Any CPU.ActiveCfg = Release|Any CPU
		{529988E2-07BB-4CC4-B9AA-6AB6730F2B5F}.Release|Any CPU.Build.0 = Release|Any CPU
	EndGlobalSection
	GlobalSection(SolutionProperties) = preSolution
		HideSolutionNode = FALSE
	EndGlobalSection
	GlobalSection(ExtensibilityGlobals) = postSolution
		SolutionGuid = {9EB6C94F-F861-4B9C-A935-7F673160A97E}
	EndGlobalSection
EndGlobal
